
Microsoft Visual Studio Solution File, Format Version 12.00
# Visual Studio Version 16
VisualStudioVersion = 16.0.31112.23
MinimumVisualStudioVersion = 10.0.40219.1
Project("{FAE04EC0-301F-11D3-BF4B-00C04F79EFBC}") = "HospitalService", "HospitalService\HospitalService.csproj", "{44E4EE2E-FA95-42E1-928B-D41D6C6E0D14}"
EndProject
Global
	GlobalSection(SolutionConfigurationPlatforms) = preSolution
		Debug|Any CPU = Debug|Any CPU
		Release|Any CPU = Release|Any CPU
	EndGlobalSection
	GlobalSection(ProjectConfigurationPlatforms) = postSolution
		{44E4EE2E-FA95-42E1-928B-D41D6C6E0D14}.Debug|Any CPU.ActiveCfg = Debug|Any CPU
		{44E4EE2E-FA95-42E1-928B-D41D6C6E0D14}.Debug|Any CPU.Build.0 = Debug|Any CPU
		{44E4EE2E-FA95-42E1-928B-D41D6C6E0D14}.Release|Any CPU.ActiveCfg = Release|Any CPU
		{44E4EE2E-FA95-42E1-928B-D41D6C6E0D14}.Release|Any CPU.Build.0 = Release|Any CPU
	EndGlobalSection
	GlobalSection(SolutionProperties) = preSolution
		HideSolutionNode = FALSE
	EndGlobalSection
	GlobalSection(ExtensibilityGlobals) = postSolution
		SolutionGuid = {121801EC-8D0F-4B1B-8A08-6AC10B40CE90}
	EndGlobalSection
EndGlobal
